
Microsoft Visual Studio Solution File, Format Version 12.00
# Visual Studio 15
VisualStudioVersion = 15.0.28307.1209
MinimumVisualStudioVersion = 10.0.40219.1
Project("{8BC9CEB8-8B4A-11D0-8D11-00A0C91BC942}") = "ac_trainer", "ac_trainer\ac_trainer.vcxproj", "{F6E08D87-72C5-4CAF-A87D-3B6DBB5499ED}"
EndProject
Global
	GlobalSection(SolutionConfigurationPlatforms) = preSolution
		Debug|x64 = Debug|x64
		Debug|x86 = Debug|x86
		Release|x64 = Release|x64
		Release|x86 = Release|x86
	EndGlobalSection
	GlobalSection(ProjectConfigurationPlatforms) = postSolution
		{F6E08D87-72C5-4CAF-A87D-3B6DBB5499ED}.Debug|x64.ActiveCfg = Debug|x64
		{F6E08D87-72C5-4CAF-A87D-3B6DBB5499ED}.Debug|x64.Build.0 = Debug|x64
		{F6E08D87-72C5-4CAF-A87D-3B6DBB5499ED}.Debug|x86.ActiveCfg = Debug|Win32
		{F6E08D87-72C5-4CAF-A87D-3B6DBB5499ED}.Debug|x86.Build.0 = Debug|Win32
		{F6E08D87-72C5-4CAF-A87D-3B6DBB5499ED}.Release|x64.ActiveCfg = Release|x64
		{F6E08D87-72C5-4CAF-A87D-3B6DBB5499ED}.Release|x64.Build.0 = Release|x64
		{F6E08D87-72C5-4CAF-A87D-3B6DBB5499ED}.Release|x86.ActiveCfg = Release|Win32
		{F6E08D87-72C5-4CAF-A87D-3B6DBB5499ED}.Release|x86.Build.0 = Release|Win32
	EndGlobalSection
	GlobalSection(SolutionProperties) = preSolution
		HideSolutionNode = FALSE
	EndGlobalSection
	GlobalSection(ExtensibilityGlobals) = postSolution
		SolutionGuid = {4BF67997-1501-464C-9418-43375DDE848A}
	EndGlobalSection
EndGlobal
